
Microsoft Visual Studio Solution File, Format Version 12.00
# Visual Studio Version 16
VisualStudioVersion = 16.0.30011.22
MinimumVisualStudioVersion = 10.0.40219.1
Project("{FAE04EC0-301F-11D3-BF4B-00C04F79EFBC}") = "BantyApp", "BantyApp\BantyApp.csproj", "{99C7D4DD-F476-4EFC-B6FC-A2E65B960D29}"
EndProject
Global
	GlobalSection(SolutionConfigurationPlatforms) = preSolution
		Debug|Any CPU = Debug|Any CPU
		Release|Any CPU = Release|Any CPU
	EndGlobalSection
	GlobalSection(ProjectConfigurationPlatforms) = postSolution
		{99C7D4DD-F476-4EFC-B6FC-A2E65B960D29}.Debug|Any CPU.ActiveCfg = Debug|Any CPU
		{99C7D4DD-F476-4EFC-B6FC-A2E65B960D29}.Debug|Any CPU.Build.0 = Debug|Any CPU
		{99C7D4DD-F476-4EFC-B6FC-A2E65B960D29}.Release|Any CPU.ActiveCfg = Release|Any CPU
		{99C7D4DD-F476-4EFC-B6FC-A2E65B960D29}.Release|Any CPU.Build.0 = Release|Any CPU
	EndGlobalSection
	GlobalSection(SolutionProperties) = preSolution
		HideSolutionNode = FALSE
	EndGlobalSection
	GlobalSection(ExtensibilityGlobals) = postSolution
		SolutionGuid = {5AB374D4-3F1F-4271-9C4E-04E51FC44CB8}
	EndGlobalSection
EndGlobal
